
Microsoft Visual Studio Solution File, Format Version 12.00
# Visual Studio Version 17
VisualStudioVersion = 17.9.34723.18
MinimumVisualStudioVersion = 10.0.40219.1
Project("{FAE04EC0-301F-11D3-BF4B-00C04F79EFBC}") = "WinForms_Anket", "WinForms_Anket\WinForms_Anket.csproj", "{1BBC9B34-522C-4E61-B9B4-3DC50B9895A0}"
EndProject
Global
	GlobalSection(SolutionConfigurationPlatforms) = preSolution
		Debug|Any CPU = Debug|Any CPU
		Release|Any CPU = Release|Any CPU
	EndGlobalSection
	GlobalSection(ProjectConfigurationPlatforms) = postSolution
		{1BBC9B34-522C-4E61-B9B4-3DC50B9895A0}.Debug|Any CPU.ActiveCfg = Debug|Any CPU
		{1BBC9B34-522C-4E61-B9B4-3DC50B9895A0}.Debug|Any CPU.Build.0 = Debug|Any CPU
		{1BBC9B34-522C-4E61-B9B4-3DC50B9895A0}.Release|Any CPU.ActiveCfg = Release|Any CPU
		{1BBC9B34-522C-4E61-B9B4-3DC50B9895A0}.Release|Any CPU.Build.0 = Release|Any CPU
	EndGlobalSection
	GlobalSection(SolutionProperties) = preSolution
		HideSolutionNode = FALSE
	EndGlobalSection
	GlobalSection(ExtensibilityGlobals) = postSolution
		SolutionGuid = {8B20BB1D-D6A2-4797-A596-DE76430A0C00}
	EndGlobalSection
EndGlobal
